
Microsoft Visual Studio Solution File, Format Version 12.00
# Visual Studio Version 17
VisualStudioVersion = 17.14.36518.9 d17.14
MinimumVisualStudioVersion = 10.0.40219.1
Project("{FAE04EC0-301F-11D3-BF4B-00C04F79EFBC}") = "OpeningTask", "OpeningTask.csproj", "{0691F6DD-72C5-4ACD-AE47-EABD0C11A686}"
EndProject
Global
	GlobalSection(SolutionConfigurationPlatforms) = preSolution
		Debug|Any CPU = Debug|Any CPU
		Release|Any CPU = Release|Any CPU
	EndGlobalSection
	GlobalSection(ProjectConfigurationPlatforms) = postSolution
		{0691F6DD-72C5-4ACD-AE47-EABD0C11A686}.Debug|Any CPU.ActiveCfg = Debug|Any CPU
		{0691F6DD-72C5-4ACD-AE47-EABD0C11A686}.Debug|Any CPU.Build.0 = Debug|Any CPU
		{0691F6DD-72C5-4ACD-AE47-EABD0C11A686}.Release|Any CPU.ActiveCfg = Release|Any CPU
		{0691F6DD-72C5-4ACD-AE47-EABD0C11A686}.Release|Any CPU.Build.0 = Release|Any CPU
	EndGlobalSection
	GlobalSection(SolutionProperties) = preSolution
		HideSolutionNode = FALSE
	EndGlobalSection
	GlobalSection(ExtensibilityGlobals) = postSolution
		SolutionGuid = {4F1EB0DA-55C9-466A-9D4D-3F712A719083}
	EndGlobalSection
EndGlobal
